
Microsoft Visual Studio Solution File, Format Version 12.00
# Visual Studio Version 17
VisualStudioVersion = 17.5.33627.172
MinimumVisualStudioVersion = 10.0.40219.1
Project("{FAE04EC0-301F-11D3-BF4B-00C04F79EFBC}") = "DemoG01", "DemoG01\DemoG01.csproj", "{4A28BC7D-038C-4A2D-8276-9765C2ADBE36}"
EndProject
Global
	GlobalSection(SolutionConfigurationPlatforms) = preSolution
		Debug|Any CPU = Debug|Any CPU
		Release|Any CPU = Release|Any CPU
	EndGlobalSection
	GlobalSection(ProjectConfigurationPlatforms) = postSolution
		{4A28BC7D-038C-4A2D-8276-9765C2ADBE36}.Debug|Any CPU.ActiveCfg = Debug|Any CPU
		{4A28BC7D-038C-4A2D-8276-9765C2ADBE36}.Debug|Any CPU.Build.0 = Debug|Any CPU
		{4A28BC7D-038C-4A2D-8276-9765C2ADBE36}.Release|Any CPU.ActiveCfg = Release|Any CPU
		{4A28BC7D-038C-4A2D-8276-9765C2ADBE36}.Release|Any CPU.Build.0 = Release|Any CPU
	EndGlobalSection
	GlobalSection(SolutionProperties) = preSolution
		HideSolutionNode = FALSE
	EndGlobalSection
	GlobalSection(ExtensibilityGlobals) = postSolution
		SolutionGuid = {5E800D3F-22B6-4C4A-B1B8-E71E7AC3BB9D}
	EndGlobalSection
EndGlobal
